<?xml version="1.0" encoding="utf-8"?>
<Project ToolsVersion="4.0" xmlns="http://schemas.microsoft.com/developer/msbuild/2003">
  <ItemGroup>
    <ClCompile Include="main.cpp">
      <Filter>Source FIles</Filter>
    </ClCompile>
    <ClCompile Include="nav.cpp">
      <Filter>Source FIles</Filter>
    </ClCompile>
    <ClCompile Include="gmutility.cpp">
      <Filter>Source FIles</Filter>
    </ClCompile>
    <ClCompile Include="sigscan.cpp">
      <Filter>Source FIles</Filter>
    </ClCompile>
    <ClCompile Include="node.cpp">
      <Filter>Source FIles</Filter>
    </ClCompile>
  </ItemGroup>
  <ItemGroup>
    <ClInclude Include="main.h">
      <Filter>Header Files</Filter>
    </ClInclude>
    <ClInclude Include="nav.h">
      <Filter>Header Files</Filter>
    </ClInclude>
    <ClInclude Include="gmutility.h">
      <Filter>Header Files</Filter>
    </ClInclude>
    <ClInclude Include="sigscan.h">
      <Filter>Header Files</Filter>
    </ClInclude>
    <ClInclude Include="defines.h">
      <Filter>Header Files</Filter>
    </ClInclude>
    <ClInclude Include="node.h">
      <Filter>Header Files</Filter>
    </ClInclude>
  </ItemGroup>
  <ItemGroup>
    <Filter Include="Source FIles">
      <UniqueIdentifier>{e3d525d2-8af3-4ba4-b9fe-da2c10a39b94}</UniqueIdentifier>
    </Filter>
    <Filter Include="Header Files">
      <UniqueIdentifier>{6e8bc1f0-8afd-43aa-8209-4c9753724791}</UniqueIdentifier>
    </Filter>
  </ItemGroup>
</Project>